// !$*UTF8*$!
{
	archiveVersion = 1;
	classes = {
	};
	objectVersion = 46;
	objects = {

/* Begin PBXBuildFile section */
		9838E8DD1BBD2DBB00698408 /* RecordVideoView.swift in Sources */ = {isa = PBXBuildFile; fileRef = 9838E8DC1BBD2DBB00698408 /* RecordVideoView.swift */; settings = {ASSET_TAGS = (); }; };
		9838E8E31BBD3FFB00698408 /* HWWeakTimer.m in Sources */ = {isa = PBXBuildFile; fileRef = 9838E8E21BBD3FFB00698408 /* HWWeakTimer.m */; settings = {ASSET_TAGS = (); }; };
		9869A7261BBFC7AC002496A1 /* LoadingBox.m in Sources */ = {isa = PBXBuildFile; fileRef = 9869A7241BBFC7AC002496A1 /* LoadingBox.m */; settings = {ASSET_TAGS = (); }; };
		9869A7271BBFC7AC002496A1 /* LoadingBox.xib in Resources */ = {isa = PBXBuildFile; fileRef = 9869A7251BBFC7AC002496A1 /* LoadingBox.xib */; settings = {ASSET_TAGS = (); }; };
		9869A72D1BBFCCC5002496A1 /* RecordModel.swift in Sources */ = {isa = PBXBuildFile; fileRef = 9869A72C1BBFCCC5002496A1 /* RecordModel.swift */; settings = {ASSET_TAGS = (); }; };
		988118AD1BD329C000ED168D /* Common.swift in Sources */ = {isa = PBXBuildFile; fileRef = 988118AC1BD329C000ED168D /* Common.swift */; settings = {ASSET_TAGS = (); }; };
		98A465591BCE0693005244C5 /* RealTimeFilterView.swift in Sources */ = {isa = PBXBuildFile; fileRef = 98A465581BCE0693005244C5 /* RealTimeFilterView.swift */; settings = {ASSET_TAGS = (); }; };
		98B23E6F1BC7B7C000D4189F /* PhotosModel.swift in Sources */ = {isa = PBXBuildFile; fileRef = 98B23E6E1BC7B7C000D4189F /* PhotosModel.swift */; settings = {ASSET_TAGS = (); }; };
		98B23E711BC7D32300D4189F /* VideoCell.swift in Sources */ = {isa = PBXBuildFile; fileRef = 98B23E701BC7D32300D4189F /* VideoCell.swift */; settings = {ASSET_TAGS = (); }; };
		98C473711BD2317F00AC084D /* FilterScrollView.swift in Sources */ = {isa = PBXBuildFile; fileRef = 98C473701BD2317F00AC084D /* FilterScrollView.swift */; settings = {ASSET_TAGS = (); }; };
		98E88B671BBA878D00D4D18D /* AppDelegate.swift in Sources */ = {isa = PBXBuildFile; fileRef = 98E88B661BBA878D00D4D18D /* AppDelegate.swift */; };
		98E88B6C1BBA878D00D4D18D /* Main.storyboard in Resources */ = {isa = PBXBuildFile; fileRef = 98E88B6A1BBA878D00D4D18D /* Main.storyboard */; };
		98E88B6E1BBA878D00D4D18D /* Assets.xcassets in Resources */ = {isa = PBXBuildFile; fileRef = 98E88B6D1BBA878D00D4D18D /* Assets.xcassets */; };
		98E88B711BBA878D00D4D18D /* LaunchScreen.storyboard in Resources */ = {isa = PBXBuildFile; fileRef = 98E88B6F1BBA878D00D4D18D /* LaunchScreen.storyboard */; };
		98E88B7F1BBA8E0A00D4D18D /* MPMainTabBarController.swift in Sources */ = {isa = PBXBuildFile; fileRef = 98E88B7E1BBA8E0A00D4D18D /* MPMainTabBarController.swift */; settings = {ASSET_TAGS = (); }; };
		98E88B841BBA8F3C00D4D18D /* HomeViewController.swift in Sources */ = {isa = PBXBuildFile; fileRef = 98E88B831BBA8F3C00D4D18D /* HomeViewController.swift */; settings = {ASSET_TAGS = (); }; };
		98E88B861BBA8F8100D4D18D /* RecordViewController.swift in Sources */ = {isa = PBXBuildFile; fileRef = 98E88B851BBA8F8100D4D18D /* RecordViewController.swift */; settings = {ASSET_TAGS = (); }; };
		98E88B881BBA8F9400D4D18D /* ProfileViewController.swift in Sources */ = {isa = PBXBuildFile; fileRef = 98E88B871BBA8F9400D4D18D /* ProfileViewController.swift */; settings = {ASSET_TAGS = (); }; };
		98F970A21BC9F8A00033E231 /* PlayViewController.swift in Sources */ = {isa = PBXBuildFile; fileRef = 98F970A11BC9F8A00033E231 /* PlayViewController.swift */; settings = {ASSET_TAGS = (); }; };
		98F970A41BC9FDF40033E231 /* PlayVideoView.swift in Sources */ = {isa = PBXBuildFile; fileRef = 98F970A31BC9FDF40033E231 /* PlayVideoView.swift */; settings = {ASSET_TAGS = (); }; };
/* End PBXBuildFile section */

/* Begin PBXFileReference section */
		9838E8DC1BBD2DBB00698408 /* RecordVideoView.swift */ = {isa = PBXFileReference; fileEncoding = 4; lastKnownFileType = sourcecode.swift; path = RecordVideoView.swift; sourceTree = "<group>"; };
		9838E8E11BBD3FFB00698408 /* HWWeakTimer.h */ = {isa = PBXFileReference; fileEncoding = 4; lastKnownFileType = sourcecode.c.h; path = HWWeakTimer.h; sourceTree = "<group>"; };
		9838E8E21BBD3FFB00698408 /* HWWeakTimer.m */ = {isa = PBXFileReference; fileEncoding = 4; lastKnownFileType = sourcecode.c.objc; path = HWWeakTimer.m; sourceTree = "<group>"; };
		9838E8EA1BBD40B100698408 /* MP-Bridging.h */ = {isa = PBXFileReference; lastKnownFileType = sourcecode.c.h; path = "MP-Bridging.h"; sourceTree = "<group>"; };
		9869A7231BBFC7AC002496A1 /* LoadingBox.h */ = {isa = PBXFileReference; fileEncoding = 4; lastKnownFileType = sourcecode.c.h; path = LoadingBox.h; sourceTree = "<group>"; };
		9869A7241BBFC7AC002496A1 /* LoadingBox.m */ = {isa = PBXFileReference; fileEncoding = 4; lastKnownFileType = sourcecode.c.objc; path = LoadingBox.m; sourceTree = "<group>"; };
		9869A7251BBFC7AC002496A1 /* LoadingBox.xib */ = {isa = PBXFileReference; fileEncoding = 4; lastKnownFileType = file.xib; path = LoadingBox.xib; sourceTree = "<group>"; };
		9869A72C1BBFCCC5002496A1 /* RecordModel.swift */ = {isa = PBXFileReference; fileEncoding = 4; lastKnownFileType = sourcecode.swift; path = RecordModel.swift; sourceTree = "<group>"; };
		988118AC1BD329C000ED168D /* Common.swift */ = {isa = PBXFileReference; fileEncoding = 4; lastKnownFileType = sourcecode.swift; path = Common.swift; sourceTree = "<group>"; };
		98A465581BCE0693005244C5 /* RealTimeFilterView.swift */ = {isa = PBXFileReference; fileEncoding = 4; lastKnownFileType = sourcecode.swift; path = RealTimeFilterView.swift; sourceTree = "<group>"; };
		98B23E6E1BC7B7C000D4189F /* PhotosModel.swift */ = {isa = PBXFileReference; fileEncoding = 4; lastKnownFileType = sourcecode.swift; path = PhotosModel.swift; sourceTree = "<group>"; };
		98B23E701BC7D32300D4189F /* VideoCell.swift */ = {isa = PBXFileReference; fileEncoding = 4; lastKnownFileType = sourcecode.swift; path = VideoCell.swift; sourceTree = "<group>"; };
		98C473701BD2317F00AC084D /* FilterScrollView.swift */ = {isa = PBXFileReference; fileEncoding = 4; lastKnownFileType = sourcecode.swift; path = FilterScrollView.swift; sourceTree = "<group>"; };
		98E88B631BBA878D00D4D18D /* MeiPaiDemo.app */ = {isa = PBXFileReference; explicitFileType = wrapper.application; includeInIndex = 0; path = MeiPaiDemo.app; sourceTree = BUILT_PRODUCTS_DIR; };
		98E88B661BBA878D00D4D18D /* AppDelegate.swift */ = {isa = PBXFileReference; lastKnownFileType = sourcecode.swift; path = AppDelegate.swift; sourceTree = "<group>"; };
		98E88B6B1BBA878D00D4D18D /* Base */ = {isa = PBXFileReference; lastKnownFileType = file.storyboard; name = Base; path = Base.lproj/Main.storyboard; sourceTree = "<group>"; };
		98E88B6D1BBA878D00D4D18D /* Assets.xcassets */ = {isa = PBXFileReference; lastKnownFileType = folder.assetcatalog; path = Assets.xcassets; sourceTree = "<group>"; };
		98E88B701BBA878D00D4D18D /* Base */ = {isa = PBXFileReference; lastKnownFileType = file.storyboard; name = Base; path = Base.lproj/LaunchScreen.storyboard; sourceTree = "<group>"; };
		98E88B721BBA878D00D4D18D /* Info.plist */ = {isa = PBXFileReference; lastKnownFileType = text.plist.xml; path = Info.plist; sourceTree = "<group>"; };
		98E88B7E1BBA8E0A00D4D18D /* MPMainTabBarController.swift */ = {isa = PBXFileReference; fileEncoding = 4; lastKnownFileType = sourcecode.swift; name = MPMainTabBarController.swift; path = ../MPMainTabBarController.swift; sourceTree = "<group>"; };
		98E88B831BBA8F3C00D4D18D /* HomeViewController.swift */ = {isa = PBXFileReference; fileEncoding = 4; lastKnownFileType = sourcecode.swift; path = HomeViewController.swift; sourceTree = "<group>"; };
		98E88B851BBA8F8100D4D18D /* RecordViewController.swift */ = {isa = PBXFileReference; fileEncoding = 4; lastKnownFileType = sourcecode.swift; path = RecordViewController.swift; sourceTree = "<group>"; };
		98E88B871BBA8F9400D4D18D /* ProfileViewController.swift */ = {isa = PBXFileReference; fileEncoding = 4; lastKnownFileType = sourcecode.swift; path = ProfileViewController.swift; sourceTree = "<group>"; };
		98F970A11BC9F8A00033E231 /* PlayViewController.swift */ = {isa = PBXFileReference; fileEncoding = 4; lastKnownFileType = sourcecode.swift; path = PlayViewController.swift; sourceTree = "<group>"; };
		98F970A31BC9FDF40033E231 /* PlayVideoView.swift */ = {isa = PBXFileReference; fileEncoding = 4; lastKnownFileType = sourcecode.swift; path = PlayVideoView.swift; sourceTree = "<group>"; };
/* End PBXFileReference section */

/* Begin PBXFrameworksBuildPhase section */
		98E88B601BBA878D00D4D18D /* Frameworks */ = {
			isa = PBXFrameworksBuildPhase;
			buildActionMask = 2147483647;
			files = (
			);
			runOnlyForDeploymentPostprocessing = 0;
		};
/* End PBXFrameworksBuildPhase section */

/* Begin PBXGroup section */
		9838E8DE1BBD34B900698408 /* Common */ = {
			isa = PBXGroup;
			children = (
				988118AC1BD329C000ED168D /* Common.swift */,
				9869A7221BBFC7AC002496A1 /* LoadingBox */,
				9838E8E01BBD3FFB00698408 /* HWWeakTimer */,
			);
			name = Common;
			sourceTree = "<group>";
		};
		9838E8E01BBD3FFB00698408 /* HWWeakTimer */ = {
			isa = PBXGroup;
			children = (
				9838E8E11BBD3FFB00698408 /* HWWeakTimer.h */,
				9838E8E21BBD3FFB00698408 /* HWWeakTimer.m */,
			);
			path = HWWeakTimer;
			sourceTree = "<group>";
		};
		9869A7221BBFC7AC002496A1 /* LoadingBox */ = {
			isa = PBXGroup;
			children = (
				9869A7231BBFC7AC002496A1 /* LoadingBox.h */,
				9869A7241BBFC7AC002496A1 /* LoadingBox.m */,
				9869A7251BBFC7AC002496A1 /* LoadingBox.xib */,
			);
			path = LoadingBox;
			sourceTree = "<group>";
		};
		9869A7281BBFCC95002496A1 /* MeiPai */ = {
			isa = PBXGroup;
			children = (
				9869A72C1BBFCCC5002496A1 /* RecordModel.swift */,
			);
			name = MeiPai;
			sourceTree = "<group>";
		};
		98A4655A1BCE4155005244C5 /* Home */ = {
			isa = PBXGroup;
			children = (
				98F970A31BC9FDF40033E231 /* PlayVideoView.swift */,
				98B23E701BC7D32300D4189F /* VideoCell.swift */,
			);
			name = Home;
			sourceTree = "<group>";
		};
		98A4655B1BCE415D005244C5 /* MeiPai */ = {
			isa = PBXGroup;
			children = (
				9838E8DC1BBD2DBB00698408 /* RecordVideoView.swift */,
				98C473701BD2317F00AC084D /* FilterScrollView.swift */,
				98A465581BCE0693005244C5 /* RealTimeFilterView.swift */,
			);
			name = MeiPai;
			sourceTree = "<group>";
		};
		98B23E6D1BC7B79C00D4189F /* Home */ = {
			isa = PBXGroup;
			children = (
				98B23E6E1BC7B7C000D4189F /* PhotosModel.swift */,
			);
			name = Home;
			sourceTree = "<group>";
		};
		98E88B5A1BBA878D00D4D18D = {
			isa = PBXGroup;
			children = (
				98E88B651BBA878D00D4D18D /* MeiPaiDemo */,
				98E88B641BBA878D00D4D18D /* Products */,
			);
			sourceTree = "<group>";
		};
		98E88B641BBA878D00D4D18D /* Products */ = {
			isa = PBXGroup;
			children = (
				98E88B631BBA878D00D4D18D /* MeiPaiDemo.app */,
			);
			name = Products;
			sourceTree = "<group>";
		};
		98E88B651BBA878D00D4D18D /* MeiPaiDemo */ = {
			isa = PBXGroup;
			children = (
				98E88B661BBA878D00D4D18D /* AppDelegate.swift */,
				98E88B781BBA8C4800D4D18D /* Model */,
				98E88B7C1BBA8CB900D4D18D /* View */,
				98E88B7D1BBA8CD600D4D18D /* ViewController */,
				9838E8DE1BBD34B900698408 /* Common */,
				98E88B7A1BBA8C7A00D4D18D /* StoryBoard */,
				98E88B7B1BBA8C8F00D4D18D /* Resource */,
				98E88B6F1BBA878D00D4D18D /* LaunchScreen.storyboard */,
			);
			path = MeiPaiDemo;
			sourceTree = "<group>";
		};
		98E88B781BBA8C4800D4D18D /* Model */ = {
			isa = PBXGroup;
			children = (
				98B23E6D1BC7B79C00D4189F /* Home */,
				9869A7281BBFCC95002496A1 /* MeiPai */,
			);
			name = Model;
			sourceTree = "<group>";
		};
		98E88B7A1BBA8C7A00D4D18D /* StoryBoard */ = {
			isa = PBXGroup;
			children = (
				98E88B6A1BBA878D00D4D18D /* Main.storyboard */,
			);
			name = StoryBoard;
			sourceTree = "<group>";
		};
		98E88B7B1BBA8C8F00D4D18D /* Resource */ = {
			isa = PBXGroup;
			children = (
				98E88B721BBA878D00D4D18D /* Info.plist */,
				98E88B6D1BBA878D00D4D18D /* Assets.xcassets */,
				9838E8EA1BBD40B100698408 /* MP-Bridging.h */,
			);
			name = Resource;
			sourceTree = "<group>";
		};
		98E88B7C1BBA8CB900D4D18D /* View */ = {
			isa = PBXGroup;
			children = (
				98A4655B1BCE415D005244C5 /* MeiPai */,
				98A4655A1BCE4155005244C5 /* Home */,
			);
			name = View;
			sourceTree = "<group>";
		};
		98E88B7D1BBA8CD600D4D18D /* ViewController */ = {
			isa = PBXGroup;
			children = (
				98E88B7E1BBA8E0A00D4D18D /* MPMainTabBarController.swift */,
				98E88B801BBA8E9700D4D18D /* Home */,
				98E88B821BBA8EDE00D4D18D /* MeiPai */,
				98E88B811BBA8EC400D4D18D /* Me */,
			);
			name = ViewController;
			sourceTree = "<group>";
		};
		98E88B801BBA8E9700D4D18D /* Home */ = {
			isa = PBXGroup;
			children = (
				98E88B831BBA8F3C00D4D18D /* HomeViewController.swift */,
				98F970A11BC9F8A00033E231 /* PlayViewController.swift */,
			);
			name = Home;
			sourceTree = "<group>";
		};
		98E88B811BBA8EC400D4D18D /* Me */ = {
			isa = PBXGroup;
			children = (
				98E88B871BBA8F9400D4D18D /* ProfileViewController.swift */,
			);
			name = Me;
			sourceTree = "<group>";
		};
		98E88B821BBA8EDE00D4D18D /* MeiPai */ = {
			isa = PBXGroup;
			children = (
				98E88B851BBA8F8100D4D18D /* RecordViewController.swift */,
			);
			name = MeiPai;
			sourceTree = "<group>";
		};
/* End PBXGroup section */

/* Begin PBXNativeTarget section */
		98E88B621BBA878D00D4D18D /* MeiPaiDemo */ = {
			isa = PBXNativeTarget;
			buildConfigurationList = 98E88B751BBA878D00D4D18D /* Build configuration list for PBXNativeTarget "MeiPaiDemo" */;
			buildPhases = (
				98E88B5F1BBA878D00D4D18D /* Sources */,
				98E88B601BBA878D00D4D18D /* Frameworks */,
				98E88B611BBA878D00D4D18D /* Resources */,
			);
			buildRules = (
			);
			dependencies = (
			);
			name = MeiPaiDemo;
			productName = MeiPaiDemo;
			productReference = 98E88B631BBA878D00D4D18D /* MeiPaiDemo.app */;
			productType = "com.apple.product-type.application";
		};
/* End PBXNativeTarget section */

/* Begin PBXProject section */
		98E88B5B1BBA878D00D4D18D /* Project object */ = {
			isa = PBXProject;
			attributes = {
				LastUpgradeCheck = 0700;
				ORGANIZATIONNAME = YY;
				TargetAttributes = {
					98E88B621BBA878D00D4D18D = {
						CreatedOnToolsVersion = 7.0;
					};
				};
			};
			buildConfigurationList = 98E88B5E1BBA878D00D4D18D /* Build configuration list for PBXProject "MeiPaiDemo" */;
			compatibilityVersion = "Xcode 3.2";
			developmentRegion = English;
			hasScannedForEncodings = 0;
			knownRegions = (
				en,
				Base,
			);
			mainGroup = 98E88B5A1BBA878D00D4D18D;
			productRefGroup = 98E88B641BBA878D00D4D18D /* Products */;
			projectDirPath = "";
			projectRoot = "";
			targets = (
				98E88B621BBA878D00D4D18D /* MeiPaiDemo */,
			);
		};
/* End PBXProject section */

/* Begin PBXResourcesBuildPhase section */
		98E88B611BBA878D00D4D18D /* Resources */ = {
			isa = PBXResourcesBuildPhase;
			buildActionMask = 2147483647;
			files = (
				98E88B711BBA878D00D4D18D /* LaunchScreen.storyboard in Resources */,
				98E88B6E1BBA878D00D4D18D /* Assets.xcassets in Resources */,
				9869A7271BBFC7AC002496A1 /* LoadingBox.xib in Resources */,
				98E88B6C1BBA878D00D4D18D /* Main.storyboard in Resources */,
			);
			runOnlyForDeploymentPostprocessing = 0;
		};
/* End PBXResourcesBuildPhase section */

/* Begin PBXSourcesBuildPhase section */
		98E88B5F1BBA878D00D4D18D /* Sources */ = {
			isa = PBXSourcesBuildPhase;
			buildActionMask = 2147483647;
			files = (
				988118AD1BD329C000ED168D /* Common.swift in Sources */,
				98E88B671BBA878D00D4D18D /* AppDelegate.swift in Sources */,
				98E88B7F1BBA8E0A00D4D18D /* MPMainTabBarController.swift in Sources */,
				9869A72D1BBFCCC5002496A1 /* RecordModel.swift in Sources */,
				98E88B881BBA8F9400D4D18D /* ProfileViewController.swift in Sources */,
				98F970A21BC9F8A00033E231 /* PlayViewController.swift in Sources */,
				98C473711BD2317F00AC084D /* FilterScrollView.swift in Sources */,
				98A465591BCE0693005244C5 /* RealTimeFilterView.swift in Sources */,
				98E88B841BBA8F3C00D4D18D /* HomeViewController.swift in Sources */,
				98E88B861BBA8F8100D4D18D /* RecordViewController.swift in Sources */,
				9838E8DD1BBD2DBB00698408 /* RecordVideoView.swift in Sources */,
				98B23E711BC7D32300D4189F /* VideoCell.swift in Sources */,
				9869A7261BBFC7AC002496A1 /* LoadingBox.m in Sources */,
				98F970A41BC9FDF40033E231 /* PlayVideoView.swift in Sources */,
				98B23E6F1BC7B7C000D4189F /* PhotosModel.swift in Sources */,
				9838E8E31BBD3FFB00698408 /* HWWeakTimer.m in Sources */,
			);
			runOnlyForDeploymentPostprocessing = 0;
		};
/* End PBXSourcesBuildPhase section */

/* Begin PBXVariantGroup section */
		98E88B6A1BBA878D00D4D18D /* Main.storyboard */ = {
			isa = PBXVariantGroup;
			children = (
				98E88B6B1BBA878D00D4D18D /* Base */,
			);
			name = Main.storyboard;
			sourceTree = "<group>";
		};
		98E88B6F1BBA878D00D4D18D /* LaunchScreen.storyboard */ = {
			isa = PBXVariantGroup;
			children = (
				98E88B701BBA878D00D4D18D /* Base */,
			);
			name = LaunchScreen.storyboard;
			sourceTree = "<group>";
		};
/* End PBXVariantGroup section */

/* Begin XCBuildConfiguration section */
		98E88B731BBA878D00D4D18D /* Debug */ = {
			isa = XCBuildConfiguration;
			buildSettings = {
				ALWAYS_SEARCH_USER_PATHS = NO;
				CLANG_CXX_LANGUAGE_STANDARD = "gnu++0x";
				CLANG_CXX_LIBRARY = "libc++";
				CLANG_ENABLE_MODULES = YES;
				CLANG_ENABLE_OBJC_ARC = YES;
				CLANG_WARN_BOOL_CONVERSION = YES;
				CLANG_WARN_CONSTANT_CONVERSION = YES;
				CLANG_WARN_DIRECT_OBJC_ISA_USAGE = YES_ERROR;
				CLANG_WARN_EMPTY_BODY = YES;
				CLANG_WARN_ENUM_CONVERSION = YES;
				CLANG_WARN_INT_CONVERSION = YES;
				CLANG_WARN_OBJC_ROOT_CLASS = YES_ERROR;
				CLANG_WARN_UNREACHABLE_CODE = YES;
				CLANG_WARN__DUPLICATE_METHOD_MATCH = YES;
				"CODE_SIGN_IDENTITY[sdk=iphoneos*]" = "iPhone Developer";
				COPY_PHASE_STRIP = NO;
				DEBUG_INFORMATION_FORMAT = dwarf;
				ENABLE_STRICT_OBJC_MSGSEND = YES;
				ENABLE_TESTABILITY = YES;
				GCC_C_LANGUAGE_STANDARD = gnu99;
				GCC_DYNAMIC_NO_PIC = NO;
				GCC_NO_COMMON_BLOCKS = YES;
				GCC_OPTIMIZATION_LEVEL = 0;
				GCC_PREPROCESSOR_DEFINITIONS = (
					"DEBUG=1",
					"$(inherited)",
				);
				GCC_WARN_64_TO_32_BIT_CONVERSION = YES;
				GCC_WARN_ABOUT_RETURN_TYPE = YES_ERROR;
				GCC_WARN_UNDECLARED_SELECTOR = YES;
				GCC_WARN_UNINITIALIZED_AUTOS = YES_AGGRESSIVE;
				GCC_WARN_UNUSED_FUNCTION = YES;
				GCC_WARN_UNUSED_VARIABLE = YES;
				IPHONEOS_DEPLOYMENT_TARGET = 9.0;
				MTL_ENABLE_DEBUG_INFO = YES;
				ONLY_ACTIVE_ARCH = YES;
				SDKROOT = iphoneos;
				SWIFT_OPTIMIZATION_LEVEL = "-Onone";
				TARGETED_DEVICE_FAMILY = "1,2";
			};
			name = Debug;
		};
		98E88B741BBA878D00D4D18D /* Release */ = {
			isa = XCBuildConfiguration;
			buildSettings = {
				ALWAYS_SEARCH_USER_PATHS = NO;
				CLANG_CXX_LANGUAGE_STANDARD = "gnu++0x";
				CLANG_CXX_LIBRARY = "libc++";
				CLANG_ENABLE_MODULES = YES;
				CLANG_ENABLE_OBJC_ARC = YES;
				CLANG_WARN_BOOL_CONVERSION = YES;
				CLANG_WARN_CONSTANT_CONVERSION = YES;
				CLANG_WARN_DIRECT_OBJC_ISA_USAGE = YES_ERROR;
				CLANG_WARN_EMPTY_BODY = YES;
				CLANG_WARN_ENUM_CONVERSION = YES;
				CLANG_WARN_INT_CONVERSION = YES;
				CLANG_WARN_OBJC_ROOT_CLASS = YES_ERROR;
				CLANG_WARN_UNREACHABLE_CODE = YES;
				CLANG_WARN__DUPLICATE_METHOD_MATCH = YES;
				"CODE_SIGN_IDENTITY[sdk=iphoneos*]" = "iPhone Developer";
				COPY_PHASE_STRIP = NO;
				DEBUG_INFORMATION_FORMAT = "dwarf-with-dsym";
				ENABLE_NS_ASSERTIONS = NO;
				ENABLE_STRICT_OBJC_MSGSEND = YES;
				GCC_C_LANGUAGE_STANDARD = gnu99;
				GCC_NO_COMMON_BLOCKS = YES;
				GCC_WARN_64_TO_32_BIT_CONVERSION = YES;
				GCC_WARN_ABOUT_RETURN_TYPE = YES_ERROR;
				GCC_WARN_UNDECLARED_SELECTOR = YES;
				GCC_WARN_UNINITIALIZED_AUTOS = YES_AGGRESSIVE;
				GCC_WARN_UNUSED_FUNCTION = YES;
				GCC_WARN_UNUSED_VARIABLE = YES;
				IPHONEOS_DEPLOYMENT_TARGET = 9.0;
				MTL_ENABLE_DEBUG_INFO = NO;
				SDKROOT = iphoneos;
				TARGETED_DEVICE_FAMILY = "1,2";
				VALIDATE_PRODUCT = YES;
			};
			name = Release;
		};
		98E88B761BBA878D00D4D18D /* Debug */ = {
			isa = XCBuildConfiguration;
			buildSettings = {
				ASSETCATALOG_COMPILER_APPICON_NAME = AppIcon;
				INFOPLIST_FILE = MeiPaiDemo/Info.plist;
				LD_RUNPATH_SEARCH_PATHS = "$(inherited) @executable_path/Frameworks";
				PRODUCT_BUNDLE_IDENTIFIER = YY.MeiPaiDemo;
				PRODUCT_NAME = "$(TARGET_NAME)";
				SWIFT_OBJC_BRIDGING_HEADER = "MeiPaiDemo/MP-Bridging.h";
			};
			name = Debug;
		};
		98E88B771BBA878D00D4D18D /* Release */ = {
			isa = XCBuildConfiguration;
			buildSettings = {
				ASSETCATALOG_COMPILER_APPICON_NAME = AppIcon;
				INFOPLIST_FILE = MeiPaiDemo/Info.plist;
				LD_RUNPATH_SEARCH_PATHS = "$(inherited) @executable_path/Frameworks";
				PRODUCT_BUNDLE_IDENTIFIER = YY.MeiPaiDemo;
				PRODUCT_NAME = "$(TARGET_NAME)";
				SWIFT_OBJC_BRIDGING_HEADER = "MeiPaiDemo/MP-Bridging.h";
			};
			name = Release;
		};
/* End XCBuildConfiguration section */

/* Begin XCConfigurationList section */
		98E88B5E1BBA878D00D4D18D /* Build configuration list for PBXProject "MeiPaiDemo" */ = {
			isa = XCConfigurationList;
			buildConfigurations = (
				98E88B731BBA878D00D4D18D /* Debug */,
				98E88B741BBA878D00D4D18D /* Release */,
			);
			defaultConfigurationIsVisible = 0;
			defaultConfigurationName = Release;
		};
		98E88B751BBA878D00D4D18D /* Build configuration list for PBXNativeTarget "MeiPaiDemo" */ = {
			isa = XCConfigurationList;
			buildConfigurations = (
				98E88B761BBA878D00D4D18D /* Debug */,
				98E88B771BBA878D00D4D18D /* Release */,
			);
			defaultConfigurationIsVisible = 0;
			defaultConfigurationName = Release;
		};
/* End XCConfigurationList section */
	};
	rootObject = 98E88B5B1BBA878D00D4D18D /* Project object */;
}
